<?xml version="1.0" encoding="utf-8"?>
<Project ToolsVersion="4.0" xmlns="http://schemas.microsoft.com/developer/msbuild/2003">
  <ItemGroup>
    <ClCompile Include="entry_point.cpp" />
    <ClCompile Include="console.cpp">
      <Filter>console</Filter>
    </ClCompile>
    <ClCompile Include="css.cpp">
      <Filter>css</Filter>
    </ClCompile>
    <ClCompile Include="module.cpp">
      <Filter>sdk\memory\module</Filter>
    </ClCompile>
    <ClCompile Include="modules.cpp">
      <Filter>modules</Filter>
    </ClCompile>
    <ClCompile Include="hashing.cpp">
      <Filter>hashing</Filter>
    </ClCompile>
    <ClCompile Include="dependencies\xxhash\xxhash.c">
      <Filter>sdk\dependencies\xxhash</Filter>
    </ClCompile>
    <ClCompile Include="dependencies\xxhash\xxh_x86dispatch.c">
      <Filter>sdk\dependencies\xxhash</Filter>
    </ClCompile>
  </ItemGroup>
  <ItemGroup>
    <Filter Include="sdk">
      <UniqueIdentifier>{fb3ee5ae-2e5d-46c8-9fe2-32dfe65c6c21}</UniqueIdentifier>
    </Filter>
    <Filter Include="css">
      <UniqueIdentifier>{f279afe5-658b-4718-8c21-5e1d35bb8759}</UniqueIdentifier>
    </Filter>
    <Filter Include="sdk\memory">
      <UniqueIdentifier>{fed141fc-f7e5-4d12-a3e0-01af48cd9930}</UniqueIdentifier>
    </Filter>
    <Filter Include="sdk\memory\module">
      <UniqueIdentifier>{cbbcb332-610e-4915-b4c8-75cae0286727}</UniqueIdentifier>
    </Filter>
    <Filter Include="sdk\memory\address">
      <UniqueIdentifier>{5aee0952-e237-47a5-b0bd-08153f4ccc85}</UniqueIdentifier>
    </Filter>
    <Filter Include="modules">
      <UniqueIdentifier>{a8568d57-9e08-4c00-9914-a4321f834599}</UniqueIdentifier>
    </Filter>
    <Filter Include="console">
      <UniqueIdentifier>{facb053e-0c87-41cb-97b4-9352bbcddc9f}</UniqueIdentifier>
    </Filter>
    <Filter Include="sdk\dependencies">
      <UniqueIdentifier>{6595945f-7fcc-422d-b37a-32efdee1511b}</UniqueIdentifier>
    </Filter>
    <Filter Include="sdk\dependencies\xxhash">
      <UniqueIdentifier>{db5984c7-162b-4ef8-b700-c2643fd4c8ea}</UniqueIdentifier>
    </Filter>
    <Filter Include="hashing">
      <UniqueIdentifier>{04220b3a-6085-400b-b077-919759d90643}</UniqueIdentifier>
    </Filter>
    <Filter Include="sdk\valve">
      <UniqueIdentifier>{de7d854f-b971-4b99-b6af-9b0ed86530a5}</UniqueIdentifier>
    </Filter>
    <Filter Include="sdk\valve\classes">
      <UniqueIdentifier>{e18fcb4f-4e93-46f2-b179-dc0572fa7b91}</UniqueIdentifier>
    </Filter>
  </ItemGroup>
  <ItemGroup>
    <ClInclude Include="sdk.h">
      <Filter>sdk</Filter>
    </ClInclude>
    <ClInclude Include="console.h">
      <Filter>console</Filter>
    </ClInclude>
    <ClInclude Include="css.h">
      <Filter>css</Filter>
    </ClInclude>
    <ClInclude Include="address.h">
      <Filter>sdk\memory\address</Filter>
    </ClInclude>
    <ClInclude Include="module.h">
      <Filter>sdk\memory\module</Filter>
    </ClInclude>
    <ClInclude Include="modules.h">
      <Filter>modules</Filter>
    </ClInclude>
    <ClInclude Include="hashing.h">
      <Filter>hashing</Filter>
    </ClInclude>
    <ClInclude Include="dependencies\xxhash\xxh3.h">
      <Filter>sdk\dependencies\xxhash</Filter>
    </ClInclude>
    <ClInclude Include="dependencies\xxhash\xxhash.h">
      <Filter>sdk\dependencies\xxhash</Filter>
    </ClInclude>
    <ClInclude Include="dependencies\xxhash\xxh_x86dispatch.h">
      <Filter>sdk\dependencies\xxhash</Filter>
    </ClInclude>
    <ClInclude Include="interface_reg.h">
      <Filter>sdk\valve\classes</Filter>
    </ClInclude>
  </ItemGroup>
</Project>