<?xml version="1.0" encoding="utf-8"?>
<Project ToolsVersion="4.0" xmlns="http://schemas.microsoft.com/developer/msbuild/2003">
  <ItemGroup>
    <ClCompile Include="entry_point.cpp" />
  </ItemGroup>
  <ItemGroup>
    <Filter Include="sdk">
      <UniqueIdentifier>{fb3ee5ae-2e5d-46c8-9fe2-32dfe65c6c21}</UniqueIdentifier>
    </Filter>
  </ItemGroup>
  <ItemGroup>
    <ClInclude Include="sdk.h">
      <Filter>sdk</Filter>
    </ClInclude>
  </ItemGroup>
</Project>